
Microsoft Visual Studio Solution File, Format Version 12.00
# Visual Studio Version 17
VisualStudioVersion = 17.10.35122.118
MinimumVisualStudioVersion = 10.0.40219.1
Project("{FAE04EC0-301F-11D3-BF4B-00C04F79EFBC}") = "Sender.API", "Sender.API\Sender.API.csproj", "{22C7194E-9699-4B68-A62E-92B530194D4B}"
EndProject
Project("{FAE04EC0-301F-11D3-BF4B-00C04F79EFBC}") = "Receiver.Console", "Receiver.Console\Receiver.Console.csproj", "{8CD2C755-86F6-4E65-BA37-AD8C7727AC56}"
EndProject
Project("{FAE04EC0-301F-11D3-BF4B-00C04F79EFBC}") = "Receiver.API", "Receiver.API\Receiver.API.csproj", "{64475031-F258-4D2D-9396-3936B506C970}"
EndProject
Global
	GlobalSection(SolutionConfigurationPlatforms) = preSolution
		Debug|Any CPU = Debug|Any CPU
		Release|Any CPU = Release|Any CPU
	EndGlobalSection
	GlobalSection(ProjectConfigurationPlatforms) = postSolution
		{22C7194E-9699-4B68-A62E-92B530194D4B}.Debug|Any CPU.ActiveCfg = Debug|Any CPU
		{22C7194E-9699-4B68-A62E-92B530194D4B}.Debug|Any CPU.Build.0 = Debug|Any CPU
		{22C7194E-9699-4B68-A62E-92B530194D4B}.Release|Any CPU.ActiveCfg = Release|Any CPU
		{22C7194E-9699-4B68-A62E-92B530194D4B}.Release|Any CPU.Build.0 = Release|Any CPU
		{8CD2C755-86F6-4E65-BA37-AD8C7727AC56}.Debug|Any CPU.ActiveCfg = Debug|Any CPU
		{8CD2C755-86F6-4E65-BA37-AD8C7727AC56}.Debug|Any CPU.Build.0 = Debug|Any CPU
		{8CD2C755-86F6-4E65-BA37-AD8C7727AC56}.Release|Any CPU.ActiveCfg = Release|Any CPU
		{8CD2C755-86F6-4E65-BA37-AD8C7727AC56}.Release|Any CPU.Build.0 = Release|Any CPU
		{64475031-F258-4D2D-9396-3936B506C970}.Debug|Any CPU.ActiveCfg = Debug|Any CPU
		{64475031-F258-4D2D-9396-3936B506C970}.Debug|Any CPU.Build.0 = Debug|Any CPU
		{64475031-F258-4D2D-9396-3936B506C970}.Release|Any CPU.ActiveCfg = Release|Any CPU
		{64475031-F258-4D2D-9396-3936B506C970}.Release|Any CPU.Build.0 = Release|Any CPU
	EndGlobalSection
	GlobalSection(SolutionProperties) = preSolution
		HideSolutionNode = FALSE
	EndGlobalSection
	GlobalSection(ExtensibilityGlobals) = postSolution
		SolutionGuid = {C702C688-7287-4E8D-90FA-C4FBF4FF9C34}
	EndGlobalSection
EndGlobal
